schema: '2.0'
stages:
  ReadNPZ_1:
    cmd: zntrack run src.ReadNPZ --name ReadNPZ_1
    deps:
    - path: data
      hash: md5
      md5: acf760c97d2466ffa190a5b6c58fe260.dir
      size: 249204412
      nfiles: 67167
    params:
      params.yaml:
        ReadNPZ_1:
          regex: 4comp.cfg_valid_1
    outs:
    - path: nodes/ReadNPZ_1/atoms.h5
      hash: md5
      md5: 159d8492252883ace114fd33a144eda0
      size: 2971432
    - path: nodes/ReadNPZ_1/node-meta.json
      hash: md5
      md5: 6b3ca2d8d081b70fa19002b33cb5a05f
      size: 48
  ReadNPZ:
    cmd: zntrack run src.ReadNPZ --name ReadNPZ
    deps:
    - path: data
      hash: md5
      md5: acf760c97d2466ffa190a5b6c58fe260.dir
      size: 249204412
      nfiles: 67167
    params:
      params.yaml:
        ReadNPZ:
          regex: 4comp.cfg_train_1
    outs:
    - path: nodes/ReadNPZ/atoms.h5
      hash: md5
      md5: 82282250d0273fbc4fb3ad52f5ce1782
      size: 11751288
    - path: nodes/ReadNPZ/node-meta.json
      hash: md5
      md5: 27703a2525e0e804471ca6216a5bf962
      size: 48
  MLModel:
    cmd: zntrack run ipsuite.nodes.MACE --name MLModel
    deps:
    - path: nodes/ReadNPZ/atoms.h5
      hash: md5
      md5: 82282250d0273fbc4fb3ad52f5ce1782
      size: 11751288
    - path: nodes/ReadNPZ/node-meta.json
      hash: md5
      md5: 27703a2525e0e804471ca6216a5bf962
      size: 48
    - path: nodes/ReadNPZ_1/atoms.h5
      hash: md5
      md5: 159d8492252883ace114fd33a144eda0
      size: 2971432
    - path: nodes/ReadNPZ_1/node-meta.json
      hash: md5
      md5: 6b3ca2d8d081b70fa19002b33cb5a05f
      size: 48
    params:
      params.yaml:
        MLModel:
          use_energy: true
          use_forces: true
          use_stresses: false
      mace.yaml:
        E0s: average
        batch_size: 16
        clip_grad: 1.0
        correlation: 3
        ema: true
        ema_decay: 0.99
        eval_interval: 1
        forces_weight: 100
        max_L: 2
        max_num_epochs: 1200
        num_channels: 64
        num_cutoff_basis: 5
        num_interactions: 2
        num_radial_basis: 8
        patience: 200
        r_max: 4.7
        seed: 42
        start_swa: 600
        swa: true
        valid_batch_size: 16
    outs:
    - path: nodes/MLModel/model
      hash: md5
      md5: 265a4f3f2c4d2dbc6fc6c6e4d5543b6b.dir
      size: 141810786
      nfiles: 8
    - path: nodes/MLModel/node-meta.json
      hash: md5
      md5: 65300b6119926c65f6e1b3adc87359b4
      size: 48
    - path: nodes/MLModel/test-data.extxyz
      hash: md5
      md5: e36e56c5cdc5002531df9bababa81871
      size: 552536
    - path: nodes/MLModel/train-data.extxyz
      hash: md5
      md5: dc0496b374287f768d7128f852751888
      size: 2527700
    - path: nodes/MLModel/training.csv
      hash: md5
      md5: 529a4d1a9007a97afecc8b7d76ab346e
      size: 200990
  Prediction:
    cmd: zntrack run ipsuite.nodes.Prediction --name Prediction
    deps:
    - path: nodes/MLModel/model
      hash: md5
      md5: 265a4f3f2c4d2dbc6fc6c6e4d5543b6b.dir
      size: 141810786
      nfiles: 8
    - path: nodes/MLModel/node-meta.json
      hash: md5
      md5: 65300b6119926c65f6e1b3adc87359b4
      size: 48
    - path: nodes/MLModel/test-data.extxyz
      hash: md5
      md5: e36e56c5cdc5002531df9bababa81871
      size: 552536
    - path: nodes/MLModel/train-data.extxyz
      hash: md5
      md5: dc0496b374287f768d7128f852751888
      size: 2527700
    - path: nodes/MLModel/training.csv
      hash: md5
      md5: 529a4d1a9007a97afecc8b7d76ab346e
      size: 200990
    - path: nodes/ReadNPZ_1/atoms.h5
      hash: md5
      md5: 159d8492252883ace114fd33a144eda0
      size: 2971432
    - path: nodes/ReadNPZ_1/node-meta.json
      hash: md5
      md5: 6b3ca2d8d081b70fa19002b33cb5a05f
      size: 48
    outs:
    - path: nodes/Prediction/atoms.h5
      hash: md5
      md5: d5bc2c3367d6b3c540280c37efd8bf70
      size: 2977424
    - path: nodes/Prediction/node-meta.json
      hash: md5
      md5: 5a54e64bb4beea390329a0e6612453f9
      size: 48
  PredictionMetrics:
    cmd: zntrack run ipsuite.nodes.PredictionMetrics --name PredictionMetrics
    deps:
    - path: nodes/Prediction/atoms.h5
      hash: md5
      md5: d5bc2c3367d6b3c540280c37efd8bf70
      size: 2977424
    - path: nodes/Prediction/node-meta.json
      hash: md5
      md5: 5a54e64bb4beea390329a0e6612453f9
      size: 48
    outs:
    - path: nodes/PredictionMetrics/deviat_stress.json
      hash: md5
      md5: 2304da6166564e214e7375a89cfd238b
      size: 190
    - path: nodes/PredictionMetrics/energy.json
      hash: md5
      md5: 2d39712ddc4925779deee5fc97a06edf
      size: 191
    - path: nodes/PredictionMetrics/energy_df.csv
      hash: md5
      md5: 03f531e31f1cc9be39a24dc976c5413e
      size: 4696
    - path: nodes/PredictionMetrics/forces.json
      hash: md5
      md5: 789b68fdf4f838fd0b1ed451755e7e44
      size: 190
    - path: nodes/PredictionMetrics/forces_df.csv
      hash: md5
      md5: 189d54fd74d1b80c3fe097c8b1240ee5
      size: 645405
    - path: nodes/PredictionMetrics/hydro_stress.json
      hash: md5
      md5: 52e28d81b92fe005adede82f51129f83
      size: 188
    - path: nodes/PredictionMetrics/node-meta.json
      hash: md5
      md5: cf3c1c94f18ef12ed783c434cd791a14
      size: 48
    - path: nodes/PredictionMetrics/plots
      hash: md5
      md5: 96a272797b5b43854c2acc17ce6b7d4c.dir
      size: 263032
      nfiles: 5
    - path: nodes/PredictionMetrics/stress.json
      hash: md5
      md5: 1aaac679b35d50ecdbe95c4abaca2f43
      size: 189
    - path: nodes/PredictionMetrics/stress_deviatoric_df.csv
      hash: md5
      md5: 84fdb3b45afe205529c3a76acdb9d3e3
      size: 41191
    - path: nodes/PredictionMetrics/stress_df.csv
      hash: md5
      md5: 41888a7d011bef833e75c65b1d24c645
      size: 36751
    - path: nodes/PredictionMetrics/stress_hydrostatic_df.csv
      hash: md5
      md5: 5b516999ac212cc9befbd4111e7405c6
      size: 5115
